
Microsoft Visual Studio Solution File, Format Version 12.00
# Visual Studio Version 17
VisualStudioVersion = 17.5.002.0
MinimumVisualStudioVersion = 10.0.40219.1
Project("{9A19103F-16F7-4668-BE54-9A1E7A4F7556}") = "DesafioPOO", "DesafioPOO.csproj", "{1F6F8C0B-C12D-4DDC-AC96-51A76727CB6C}"
EndProject
Global
	GlobalSection(SolutionConfigurationPlatforms) = preSolution
		Debug|Any CPU = Debug|Any CPU
		Release|Any CPU = Release|Any CPU
	EndGlobalSection
	GlobalSection(ProjectConfigurationPlatforms) = postSolution
		{1F6F8C0B-C12D-4DDC-AC96-51A76727CB6C}.Debug|Any CPU.ActiveCfg = Debug|Any CPU
		{1F6F8C0B-C12D-4DDC-AC96-51A76727CB6C}.Debug|Any CPU.Build.0 = Debug|Any CPU
		{1F6F8C0B-C12D-4DDC-AC96-51A76727CB6C}.Release|Any CPU.ActiveCfg = Release|Any CPU
		{1F6F8C0B-C12D-4DDC-AC96-51A76727CB6C}.Release|Any CPU.Build.0 = Release|Any CPU
	EndGlobalSection
	GlobalSection(SolutionProperties) = preSolution
		HideSolutionNode = FALSE
	EndGlobalSection
	GlobalSection(ExtensibilityGlobals) = postSolution
		SolutionGuid = {ED5F6AD3-06E6-42BA-96C9-F86745AA6478}
	EndGlobalSection
EndGlobal
